
Microsoft Visual Studio Solution File, Format Version 12.00
# Visual Studio Version 17
VisualStudioVersion = 17.4.33205.214
MinimumVisualStudioVersion = 10.0.40219.1
Project("{FAE04EC0-301F-11D3-BF4B-00C04F79EFBC}") = "EXRate.Backend", "EXRate.Backend\EXRate.Backend.csproj", "{C4E3FDE9-6329-4203-9629-1E4D35DCEBD6}"
EndProject
Project("{54A90642-561A-4BB1-A94E-469ADEE60C69}") = "EXRate.Frontend", "EXRate.Frontend\EXRate.Frontend.esproj", "{B3493795-3914-4E01-9AA5-9ABA2FE8D4A3}"
EndProject
Global
	GlobalSection(SolutionConfigurationPlatforms) = preSolution
		Debug|Any CPU = Debug|Any CPU
		Release|Any CPU = Release|Any CPU
	EndGlobalSection
	GlobalSection(ProjectConfigurationPlatforms) = postSolution
		{C4E3FDE9-6329-4203-9629-1E4D35DCEBD6}.Debug|Any CPU.ActiveCfg = Debug|Any CPU
		{C4E3FDE9-6329-4203-9629-1E4D35DCEBD6}.Debug|Any CPU.Build.0 = Debug|Any CPU
		{C4E3FDE9-6329-4203-9629-1E4D35DCEBD6}.Release|Any CPU.ActiveCfg = Release|Any CPU
		{C4E3FDE9-6329-4203-9629-1E4D35DCEBD6}.Release|Any CPU.Build.0 = Release|Any CPU
		{B3493795-3914-4E01-9AA5-9ABA2FE8D4A3}.Debug|Any CPU.ActiveCfg = Debug|Any CPU
		{B3493795-3914-4E01-9AA5-9ABA2FE8D4A3}.Debug|Any CPU.Build.0 = Debug|Any CPU
		{B3493795-3914-4E01-9AA5-9ABA2FE8D4A3}.Debug|Any CPU.Deploy.0 = Debug|Any CPU
		{B3493795-3914-4E01-9AA5-9ABA2FE8D4A3}.Release|Any CPU.ActiveCfg = Release|Any CPU
		{B3493795-3914-4E01-9AA5-9ABA2FE8D4A3}.Release|Any CPU.Build.0 = Release|Any CPU
		{B3493795-3914-4E01-9AA5-9ABA2FE8D4A3}.Release|Any CPU.Deploy.0 = Release|Any CPU
	EndGlobalSection
	GlobalSection(SolutionProperties) = preSolution
		HideSolutionNode = FALSE
	EndGlobalSection
	GlobalSection(ExtensibilityGlobals) = postSolution
		SolutionGuid = {CA61559F-0056-41C0-BF3D-4D8275BAFD8D}
	EndGlobalSection
EndGlobal
